{
  "name": "evm-facet",
  "version": "1.0.0",
  "lockfileVersion": 3,
  "requires": true,
  "packages": {
    "": {
      "name": "evm-facet",
      "version": "1.0.0",
      "license": "MIT",
      "dependencies": {
        "@openzeppelin/contracts": "5.0.2",
        "solady": "0.0.218"
      }
    },
    "node_modules/@openzeppelin/contracts": {
      "version": "5.0.2",
      "license": "MIT"
    },
    "node_modules/solady": {
      "version": "0.0.218",
      "resolved": "https://registry.npmjs.org/solady/-/solady-0.0.218.tgz",
      "integrity": "sha512-kBwrqmQ7XGuBFnRO0STdVU5BwUax8RN8x0WJNxTUzsaBfwNhkTGoyVPaI0oqTW3HnpTWcw0hPM4E6EVboVdCNQ=="
    }
  }
}
