{
  "name": "evm-facet",
  "version": "1.0.0",
  "lockfileVersion": 3,
  "requires": true,
  "packages": {
    "": {
      "name": "evm-facet",
      "version": "1.0.0",
      "license": "MIT",
      "dependencies": {
        "@openzeppelin/contracts": "5.0.2",
        "@openzeppelin/contracts-upgradeable": "5.0.2",
        "solady": "0.0.232"
      }
    },
    "node_modules/@openzeppelin/contracts": {
      "version": "5.0.2",
      "license": "MIT"
    },
    "node_modules/@openzeppelin/contracts-upgradeable": {
      "version": "5.0.2",
      "resolved": "https://registry.npmjs.org/@openzeppelin/contracts-upgradeable/-/contracts-upgradeable-5.0.2.tgz",
      "integrity": "sha512-0MmkHSHiW2NRFiT9/r5Lu4eJq5UJ4/tzlOgYXNAIj/ONkQTVnz22pLxDvp4C4uZ9he7ZFvGn3Driptn1/iU7tQ==",
      "peerDependencies": {
        "@openzeppelin/contracts": "5.0.2"
      }
    },
    "node_modules/solady": {
      "version": "0.0.232",
      "resolved": "https://registry.npmjs.org/solady/-/solady-0.0.232.tgz",
      "integrity": "sha512-9DTkd9mZowloGs/s3ZiRoY/TVyKIEyJD16QgSwP4f37LZO8lX169qhHpPJAC3oQixtvX9OvHcjN1dB5sQoB5CA=="
    }
  }
}
